
Microsoft Visual Studio Solution File, Format Version 12.00
# Visual Studio Version 18
VisualStudioVersion = 18.2.11415.280
MinimumVisualStudioVersion = 10.0.40219.1
Project("{FAE04EC0-301F-11D3-BF4B-00C04F79EFBC}") = "CertiFlowApp", "CertiFlowApp\CertiFlowApp.csproj", "{2DF8C1D4-AAE9-1AFB-FF0C-07CDA596EBD7}"
EndProject
Global
	GlobalSection(SolutionConfigurationPlatforms) = preSolution
		Debug|Any CPU = Debug|Any CPU
		Release|Any CPU = Release|Any CPU
	EndGlobalSection
	GlobalSection(ProjectConfigurationPlatforms) = postSolution
		{2DF8C1D4-AAE9-1AFB-FF0C-07CDA596EBD7}.Debug|Any CPU.ActiveCfg = Debug|Any CPU
		{2DF8C1D4-AAE9-1AFB-FF0C-07CDA596EBD7}.Debug|Any CPU.Build.0 = Debug|Any CPU
		{2DF8C1D4-AAE9-1AFB-FF0C-07CDA596EBD7}.Release|Any CPU.ActiveCfg = Release|Any CPU
		{2DF8C1D4-AAE9-1AFB-FF0C-07CDA596EBD7}.Release|Any CPU.Build.0 = Release|Any CPU
	EndGlobalSection
	GlobalSection(SolutionProperties) = preSolution
		HideSolutionNode = FALSE
	EndGlobalSection
	GlobalSection(ExtensibilityGlobals) = postSolution
		SolutionGuid = {280DEE99-C836-471C-BB40-35B95AE34867}
	EndGlobalSection
EndGlobal
